// !$*UTF8*$!
{
	archiveVersion = 1;
	classes = {
	};
	objectVersion = 46;
	objects = {

/* Begin PBXBuildFile section */
		086CAD8C1D5B14A900030068 /* main.m in Sources */ = {isa = PBXBuildFile; fileRef = 086CAD8B1D5B14A900030068 /* main.m */; };
		086CAD8F1D5B14A900030068 /* AppDelegate.m in Sources */ = {isa = PBXBuildFile; fileRef = 086CAD8E1D5B14A900030068 /* AppDelegate.m */; };
		086CAD921D5B14A900030068 /* ViewController.m in Sources */ = {isa = PBXBuildFile; fileRef = 086CAD911D5B14A900030068 /* ViewController.m */; };
		086CAD951D5B14AA00030068 /* Main.storyboard in Resources */ = {isa = PBXBuildFile; fileRef = 086CAD931D5B14AA00030068 /* Main.storyboard */; };
		086CAD971D5B14AA00030068 /* Assets.xcassets in Resources */ = {isa = PBXBuildFile; fileRef = 086CAD961D5B14AA00030068 /* Assets.xcassets */; };
		086CAD9A1D5B14AA00030068 /* LaunchScreen.storyboard in Resources */ = {isa = PBXBuildFile; fileRef = 086CAD981D5B14AA00030068 /* LaunchScreen.storyboard */; };
		086CADB11D5B156200030068 /* TTNetWorkClient.m in Sources */ = {isa = PBXBuildFile; fileRef = 086CADA31D5B156200030068 /* TTNetWorkClient.m */; };
		086CADB21D5B156200030068 /* TTDebugView.m in Sources */ = {isa = PBXBuildFile; fileRef = 086CADA71D5B156200030068 /* TTDebugView.m */; };
		086CADB31D5B156200030068 /* TTHUDResource.bundle in Resources */ = {isa = PBXBuildFile; fileRef = 086CADAA1D5B156200030068 /* TTHUDResource.bundle */; };
		086CADB41D5B156200030068 /* TTHUDView.m in Sources */ = {isa = PBXBuildFile; fileRef = 086CADAC1D5B156200030068 /* TTHUDView.m */; };
		086CADB51D5B156200030068 /* UIImage+GIF.m in Sources */ = {isa = PBXBuildFile; fileRef = 086CADAE1D5B156200030068 /* UIImage+GIF.m */; };
		086CADB61D5B156200030068 /* UIView+HUD.m in Sources */ = {isa = PBXBuildFile; fileRef = 086CADB01D5B156200030068 /* UIView+HUD.m */; };
		BE57B995826A2DBB8A898FBB /* libPods-TTEnvironmentSwitch.a in Frameworks */ = {isa = PBXBuildFile; fileRef = B63AB0C822D4CAFFAA050BEC /* libPods-TTEnvironmentSwitch.a */; };
/* End PBXBuildFile section */

/* Begin PBXFileReference section */
		086CAD871D5B14A900030068 /* TTEnvironmentSwitch.app */ = {isa = PBXFileReference; explicitFileType = wrapper.application; includeInIndex = 0; path = TTEnvironmentSwitch.app; sourceTree = BUILT_PRODUCTS_DIR; };
		086CAD8B1D5B14A900030068 /* main.m */ = {isa = PBXFileReference; lastKnownFileType = sourcecode.c.objc; path = main.m; sourceTree = "<group>"; };
		086CAD8D1D5B14A900030068 /* AppDelegate.h */ = {isa = PBXFileReference; lastKnownFileType = sourcecode.c.h; path = AppDelegate.h; sourceTree = "<group>"; };
		086CAD8E1D5B14A900030068 /* AppDelegate.m */ = {isa = PBXFileReference; lastKnownFileType = sourcecode.c.objc; path = AppDelegate.m; sourceTree = "<group>"; };
		086CAD901D5B14A900030068 /* ViewController.h */ = {isa = PBXFileReference; lastKnownFileType = sourcecode.c.h; path = ViewController.h; sourceTree = "<group>"; };
		086CAD911D5B14A900030068 /* ViewController.m */ = {isa = PBXFileReference; lastKnownFileType = sourcecode.c.objc; path = ViewController.m; sourceTree = "<group>"; };
		086CAD941D5B14AA00030068 /* Base */ = {isa = PBXFileReference; lastKnownFileType = file.storyboard; name = Base; path = Base.lproj/Main.storyboard; sourceTree = "<group>"; };
		086CAD961D5B14AA00030068 /* Assets.xcassets */ = {isa = PBXFileReference; lastKnownFileType = folder.assetcatalog; path = Assets.xcassets; sourceTree = "<group>"; };
		086CAD991D5B14AA00030068 /* Base */ = {isa = PBXFileReference; lastKnownFileType = file.storyboard; name = Base; path = Base.lproj/LaunchScreen.storyboard; sourceTree = "<group>"; };
		086CAD9B1D5B14AA00030068 /* Info.plist */ = {isa = PBXFileReference; lastKnownFileType = text.plist.xml; path = Info.plist; sourceTree = "<group>"; };
		086CADA21D5B156200030068 /* TTNetWorkClient.h */ = {isa = PBXFileReference; fileEncoding = 4; lastKnownFileType = sourcecode.c.h; path = TTNetWorkClient.h; sourceTree = "<group>"; };
		086CADA31D5B156200030068 /* TTNetWorkClient.m */ = {isa = PBXFileReference; fileEncoding = 4; lastKnownFileType = sourcecode.c.objc; path = TTNetWorkClient.m; sourceTree = "<group>"; };
		086CADA51D5B156200030068 /* TTDebugMacroDefinition.h */ = {isa = PBXFileReference; fileEncoding = 4; lastKnownFileType = sourcecode.c.h; path = TTDebugMacroDefinition.h; sourceTree = "<group>"; };
		086CADA61D5B156200030068 /* TTDebugView.h */ = {isa = PBXFileReference; fileEncoding = 4; lastKnownFileType = sourcecode.c.h; path = TTDebugView.h; sourceTree = "<group>"; };
		086CADA71D5B156200030068 /* TTDebugView.m */ = {isa = PBXFileReference; fileEncoding = 4; lastKnownFileType = sourcecode.c.objc; path = TTDebugView.m; sourceTree = "<group>"; };
		086CADA91D5B156200030068 /* TTHUDConfig.h */ = {isa = PBXFileReference; fileEncoding = 4; lastKnownFileType = sourcecode.c.h; path = TTHUDConfig.h; sourceTree = "<group>"; };
		086CADAA1D5B156200030068 /* TTHUDResource.bundle */ = {isa = PBXFileReference; lastKnownFileType = "wrapper.plug-in"; path = TTHUDResource.bundle; sourceTree = "<group>"; };
		086CADAB1D5B156200030068 /* TTHUDView.h */ = {isa = PBXFileReference; fileEncoding = 4; lastKnownFileType = sourcecode.c.h; path = TTHUDView.h; sourceTree = "<group>"; };
		086CADAC1D5B156200030068 /* TTHUDView.m */ = {isa = PBXFileReference; fileEncoding = 4; lastKnownFileType = sourcecode.c.objc; path = TTHUDView.m; sourceTree = "<group>"; };
		086CADAD1D5B156200030068 /* UIImage+GIF.h */ = {isa = PBXFileReference; fileEncoding = 4; lastKnownFileType = sourcecode.c.h; path = "UIImage+GIF.h"; sourceTree = "<group>"; };
		086CADAE1D5B156200030068 /* UIImage+GIF.m */ = {isa = PBXFileReference; fileEncoding = 4; lastKnownFileType = sourcecode.c.objc; path = "UIImage+GIF.m"; sourceTree = "<group>"; };
		086CADAF1D5B156200030068 /* UIView+HUD.h */ = {isa = PBXFileReference; fileEncoding = 4; lastKnownFileType = sourcecode.c.h; path = "UIView+HUD.h"; sourceTree = "<group>"; };
		086CADB01D5B156200030068 /* UIView+HUD.m */ = {isa = PBXFileReference; fileEncoding = 4; lastKnownFileType = sourcecode.c.objc; path = "UIView+HUD.m"; sourceTree = "<group>"; };
		086CADB71D5B15BE00030068 /* TTDebugSystemPrefix.pch */ = {isa = PBXFileReference; fileEncoding = 4; lastKnownFileType = sourcecode.c.h; path = TTDebugSystemPrefix.pch; sourceTree = "<group>"; };
		18651C76340F71B73281ADF4 /* Pods-TTEnvironmentSwitch.release.xcconfig */ = {isa = PBXFileReference; includeInIndex = 1; lastKnownFileType = text.xcconfig; name = "Pods-TTEnvironmentSwitch.release.xcconfig"; path = "Pods/Target Support Files/Pods-TTEnvironmentSwitch/Pods-TTEnvironmentSwitch.release.xcconfig"; sourceTree = "<group>"; };
		96C9DBE098B9EB0F7C4FC9C5 /* Pods-TTEnvironmentSwitch.debug.xcconfig */ = {isa = PBXFileReference; includeInIndex = 1; lastKnownFileType = text.xcconfig; name = "Pods-TTEnvironmentSwitch.debug.xcconfig"; path = "Pods/Target Support Files/Pods-TTEnvironmentSwitch/Pods-TTEnvironmentSwitch.debug.xcconfig"; sourceTree = "<group>"; };
		B63AB0C822D4CAFFAA050BEC /* libPods-TTEnvironmentSwitch.a */ = {isa = PBXFileReference; explicitFileType = archive.ar; includeInIndex = 0; path = "libPods-TTEnvironmentSwitch.a"; sourceTree = BUILT_PRODUCTS_DIR; };
/* End PBXFileReference section */

/* Begin PBXFrameworksBuildPhase section */
		086CAD841D5B14A900030068 /* Frameworks */ = {
			isa = PBXFrameworksBuildPhase;
			buildActionMask = 2147483647;
			files = (
				BE57B995826A2DBB8A898FBB /* libPods-TTEnvironmentSwitch.a in Frameworks */,
			);
			runOnlyForDeploymentPostprocessing = 0;
		};
/* End PBXFrameworksBuildPhase section */

/* Begin PBXGroup section */
		086CAD7E1D5B14A900030068 = {
			isa = PBXGroup;
			children = (
				086CAD891D5B14A900030068 /* TTEnvironmentSwitch */,
				086CAD881D5B14A900030068 /* Products */,
				EE16C4B67EBFFC2F54B7023D /* Pods */,
				FEF2AD497B930B34E849CF3F /* Frameworks */,
			);
			sourceTree = "<group>";
		};
		086CAD881D5B14A900030068 /* Products */ = {
			isa = PBXGroup;
			children = (
				086CAD871D5B14A900030068 /* TTEnvironmentSwitch.app */,
			);
			name = Products;
			sourceTree = "<group>";
		};
		086CAD891D5B14A900030068 /* TTEnvironmentSwitch */ = {
			isa = PBXGroup;
			children = (
				086CADA11D5B156200030068 /* Network */,
				086CADA41D5B156200030068 /* TTDebug */,
				086CADA81D5B156200030068 /* TTHUD */,
				086CAD8D1D5B14A900030068 /* AppDelegate.h */,
				086CAD8E1D5B14A900030068 /* AppDelegate.m */,
				086CAD901D5B14A900030068 /* ViewController.h */,
				086CAD911D5B14A900030068 /* ViewController.m */,
				086CAD931D5B14AA00030068 /* Main.storyboard */,
				086CAD961D5B14AA00030068 /* Assets.xcassets */,
				086CAD981D5B14AA00030068 /* LaunchScreen.storyboard */,
				086CAD9B1D5B14AA00030068 /* Info.plist */,
				086CADB71D5B15BE00030068 /* TTDebugSystemPrefix.pch */,
				086CAD8A1D5B14A900030068 /* Supporting Files */,
			);
			path = TTEnvironmentSwitch;
			sourceTree = "<group>";
		};
		086CAD8A1D5B14A900030068 /* Supporting Files */ = {
			isa = PBXGroup;
			children = (
				086CAD8B1D5B14A900030068 /* main.m */,
			);
			name = "Supporting Files";
			sourceTree = "<group>";
		};
		086CADA11D5B156200030068 /* Network */ = {
			isa = PBXGroup;
			children = (
				086CADA21D5B156200030068 /* TTNetWorkClient.h */,
				086CADA31D5B156200030068 /* TTNetWorkClient.m */,
			);
			path = Network;
			sourceTree = "<group>";
		};
		086CADA41D5B156200030068 /* TTDebug */ = {
			isa = PBXGroup;
			children = (
				086CADA51D5B156200030068 /* TTDebugMacroDefinition.h */,
				086CADA61D5B156200030068 /* TTDebugView.h */,
				086CADA71D5B156200030068 /* TTDebugView.m */,
			);
			path = TTDebug;
			sourceTree = "<group>";
		};
		086CADA81D5B156200030068 /* TTHUD */ = {
			isa = PBXGroup;
			children = (
				086CADA91D5B156200030068 /* TTHUDConfig.h */,
				086CADAA1D5B156200030068 /* TTHUDResource.bundle */,
				086CADAB1D5B156200030068 /* TTHUDView.h */,
				086CADAC1D5B156200030068 /* TTHUDView.m */,
				086CADAD1D5B156200030068 /* UIImage+GIF.h */,
				086CADAE1D5B156200030068 /* UIImage+GIF.m */,
				086CADAF1D5B156200030068 /* UIView+HUD.h */,
				086CADB01D5B156200030068 /* UIView+HUD.m */,
			);
			path = TTHUD;
			sourceTree = "<group>";
		};
		EE16C4B67EBFFC2F54B7023D /* Pods */ = {
			isa = PBXGroup;
			children = (
				96C9DBE098B9EB0F7C4FC9C5 /* Pods-TTEnvironmentSwitch.debug.xcconfig */,
				18651C76340F71B73281ADF4 /* Pods-TTEnvironmentSwitch.release.xcconfig */,
			);
			name = Pods;
			sourceTree = "<group>";
		};
		FEF2AD497B930B34E849CF3F /* Frameworks */ = {
			isa = PBXGroup;
			children = (
				B63AB0C822D4CAFFAA050BEC /* libPods-TTEnvironmentSwitch.a */,
			);
			name = Frameworks;
			sourceTree = "<group>";
		};
/* End PBXGroup section */

/* Begin PBXNativeTarget section */
		086CAD861D5B14A900030068 /* TTEnvironmentSwitch */ = {
			isa = PBXNativeTarget;
			buildConfigurationList = 086CAD9E1D5B14AA00030068 /* Build configuration list for PBXNativeTarget "TTEnvironmentSwitch" */;
			buildPhases = (
				434EBA7C03396F1A1287DF79 /* [CP] Check Pods Manifest.lock */,
				086CAD831D5B14A900030068 /* Sources */,
				086CAD841D5B14A900030068 /* Frameworks */,
				086CAD851D5B14A900030068 /* Resources */,
				2DE2BACA71548649D783B6C9 /* [CP] Embed Pods Frameworks */,
				790413D8F5B3C5BDC09C9F51 /* [CP] Copy Pods Resources */,
			);
			buildRules = (
			);
			dependencies = (
			);
			name = TTEnvironmentSwitch;
			productName = TTEnvironmentSwitch;
			productReference = 086CAD871D5B14A900030068 /* TTEnvironmentSwitch.app */;
			productType = "com.apple.product-type.application";
		};
/* End PBXNativeTarget section */

/* Begin PBXProject section */
		086CAD7F1D5B14A900030068 /* Project object */ = {
			isa = PBXProject;
			attributes = {
				LastUpgradeCheck = 0730;
				ORGANIZATIONNAME = tangchi;
				TargetAttributes = {
					086CAD861D5B14A900030068 = {
						CreatedOnToolsVersion = 7.3.1;
					};
				};
			};
			buildConfigurationList = 086CAD821D5B14A900030068 /* Build configuration list for PBXProject "TTEnvironmentSwitch" */;
			compatibilityVersion = "Xcode 3.2";
			developmentRegion = English;
			hasScannedForEncodings = 0;
			knownRegions = (
				en,
				Base,
			);
			mainGroup = 086CAD7E1D5B14A900030068;
			productRefGroup = 086CAD881D5B14A900030068 /* Products */;
			projectDirPath = "";
			projectRoot = "";
			targets = (
				086CAD861D5B14A900030068 /* TTEnvironmentSwitch */,
			);
		};
/* End PBXProject section */

/* Begin PBXResourcesBuildPhase section */
		086CAD851D5B14A900030068 /* Resources */ = {
			isa = PBXResourcesBuildPhase;
			buildActionMask = 2147483647;
			files = (
				086CAD9A1D5B14AA00030068 /* LaunchScreen.storyboard in Resources */,
				086CADB31D5B156200030068 /* TTHUDResource.bundle in Resources */,
				086CAD971D5B14AA00030068 /* Assets.xcassets in Resources */,
				086CAD951D5B14AA00030068 /* Main.storyboard in Resources */,
			);
			runOnlyForDeploymentPostprocessing = 0;
		};
/* End PBXResourcesBuildPhase section */

/* Begin PBXShellScriptBuildPhase section */
		2DE2BACA71548649D783B6C9 /* [CP] Embed Pods Frameworks */ = {
			isa = PBXShellScriptBuildPhase;
			buildActionMask = 2147483647;
			files = (
			);
			inputPaths = (
			);
			name = "[CP] Embed Pods Frameworks";
			outputPaths = (
			);
			runOnlyForDeploymentPostprocessing = 0;
			shellPath = /bin/sh;
			shellScript = "\"${SRCROOT}/Pods/Target Support Files/Pods-TTEnvironmentSwitch/Pods-TTEnvironmentSwitch-frameworks.sh\"\n";
			showEnvVarsInLog = 0;
		};
		434EBA7C03396F1A1287DF79 /* [CP] Check Pods Manifest.lock */ = {
			isa = PBXShellScriptBuildPhase;
			buildActionMask = 2147483647;
			files = (
			);
			inputPaths = (
			);
			name = "[CP] Check Pods Manifest.lock";
			outputPaths = (
			);
			runOnlyForDeploymentPostprocessing = 0;
			shellPath = /bin/sh;
			shellScript = "diff \"${PODS_ROOT}/../Podfile.lock\" \"${PODS_ROOT}/Manifest.lock\" > /dev/null\nif [[ $? != 0 ]] ; then\n    cat << EOM\nerror: The sandbox is not in sync with the Podfile.lock. Run 'pod install' or update your CocoaPods installation.\nEOM\n    exit 1\nfi\n";
			showEnvVarsInLog = 0;
		};
		790413D8F5B3C5BDC09C9F51 /* [CP] Copy Pods Resources */ = {
			isa = PBXShellScriptBuildPhase;
			buildActionMask = 2147483647;
			files = (
			);
			inputPaths = (
			);
			name = "[CP] Copy Pods Resources";
			outputPaths = (
			);
			runOnlyForDeploymentPostprocessing = 0;
			shellPath = /bin/sh;
			shellScript = "\"${SRCROOT}/Pods/Target Support Files/Pods-TTEnvironmentSwitch/Pods-TTEnvironmentSwitch-resources.sh\"\n";
			showEnvVarsInLog = 0;
		};
/* End PBXShellScriptBuildPhase section */

/* Begin PBXSourcesBuildPhase section */
		086CAD831D5B14A900030068 /* Sources */ = {
			isa = PBXSourcesBuildPhase;
			buildActionMask = 2147483647;
			files = (
				086CAD921D5B14A900030068 /* ViewController.m in Sources */,
				086CADB11D5B156200030068 /* TTNetWorkClient.m in Sources */,
				086CADB41D5B156200030068 /* TTHUDView.m in Sources */,
				086CAD8F1D5B14A900030068 /* AppDelegate.m in Sources */,
				086CADB61D5B156200030068 /* UIView+HUD.m in Sources */,
				086CAD8C1D5B14A900030068 /* main.m in Sources */,
				086CADB51D5B156200030068 /* UIImage+GIF.m in Sources */,
				086CADB21D5B156200030068 /* TTDebugView.m in Sources */,
			);
			runOnlyForDeploymentPostprocessing = 0;
		};
/* End PBXSourcesBuildPhase section */

/* Begin PBXVariantGroup section */
		086CAD931D5B14AA00030068 /* Main.storyboard */ = {
			isa = PBXVariantGroup;
			children = (
				086CAD941D5B14AA00030068 /* Base */,
			);
			name = Main.storyboard;
			sourceTree = "<group>";
		};
		086CAD981D5B14AA00030068 /* LaunchScreen.storyboard */ = {
			isa = PBXVariantGroup;
			children = (
				086CAD991D5B14AA00030068 /* Base */,
			);
			name = LaunchScreen.storyboard;
			sourceTree = "<group>";
		};
/* End PBXVariantGroup section */

/* Begin XCBuildConfiguration section */
		086CAD9C1D5B14AA00030068 /* Debug */ = {
			isa = XCBuildConfiguration;
			buildSettings = {
				ALWAYS_SEARCH_USER_PATHS = NO;
				CLANG_ANALYZER_NONNULL = YES;
				CLANG_CXX_LANGUAGE_STANDARD = "gnu++0x";
				CLANG_CXX_LIBRARY = "libc++";
				CLANG_ENABLE_MODULES = YES;
				CLANG_ENABLE_OBJC_ARC = YES;
				CLANG_WARN_BOOL_CONVERSION = YES;
				CLANG_WARN_CONSTANT_CONVERSION = YES;
				CLANG_WARN_DIRECT_OBJC_ISA_USAGE = YES_ERROR;
				CLANG_WARN_EMPTY_BODY = YES;
				CLANG_WARN_ENUM_CONVERSION = YES;
				CLANG_WARN_INT_CONVERSION = YES;
				CLANG_WARN_OBJC_ROOT_CLASS = YES_ERROR;
				CLANG_WARN_UNREACHABLE_CODE = YES;
				CLANG_WARN__DUPLICATE_METHOD_MATCH = YES;
				"CODE_SIGN_IDENTITY[sdk=iphoneos*]" = "iPhone Developer";
				COPY_PHASE_STRIP = NO;
				DEBUG_INFORMATION_FORMAT = dwarf;
				ENABLE_STRICT_OBJC_MSGSEND = YES;
				ENABLE_TESTABILITY = YES;
				GCC_C_LANGUAGE_STANDARD = gnu99;
				GCC_DYNAMIC_NO_PIC = NO;
				GCC_NO_COMMON_BLOCKS = YES;
				GCC_OPTIMIZATION_LEVEL = 0;
				GCC_PREPROCESSOR_DEFINITIONS = (
					"DEBUG=1",
					"$(inherited)",
				);
				GCC_WARN_64_TO_32_BIT_CONVERSION = YES;
				GCC_WARN_ABOUT_RETURN_TYPE = YES_ERROR;
				GCC_WARN_UNDECLARED_SELECTOR = YES;
				GCC_WARN_UNINITIALIZED_AUTOS = YES_AGGRESSIVE;
				GCC_WARN_UNUSED_FUNCTION = YES;
				GCC_WARN_UNUSED_VARIABLE = YES;
				IPHONEOS_DEPLOYMENT_TARGET = 9.3;
				MTL_ENABLE_DEBUG_INFO = YES;
				ONLY_ACTIVE_ARCH = YES;
				SDKROOT = iphoneos;
				TARGETED_DEVICE_FAMILY = "1,2";
			};
			name = Debug;
		};
		086CAD9D1D5B14AA00030068 /* Release */ = {
			isa = XCBuildConfiguration;
			buildSettings = {
				ALWAYS_SEARCH_USER_PATHS = NO;
				CLANG_ANALYZER_NONNULL = YES;
				CLANG_CXX_LANGUAGE_STANDARD = "gnu++0x";
				CLANG_CXX_LIBRARY = "libc++";
				CLANG_ENABLE_MODULES = YES;
				CLANG_ENABLE_OBJC_ARC = YES;
				CLANG_WARN_BOOL_CONVERSION = YES;
				CLANG_WARN_CONSTANT_CONVERSION = YES;
				CLANG_WARN_DIRECT_OBJC_ISA_USAGE = YES_ERROR;
				CLANG_WARN_EMPTY_BODY = YES;
				CLANG_WARN_ENUM_CONVERSION = YES;
				CLANG_WARN_INT_CONVERSION = YES;
				CLANG_WARN_OBJC_ROOT_CLASS = YES_ERROR;
				CLANG_WARN_UNREACHABLE_CODE = YES;
				CLANG_WARN__DUPLICATE_METHOD_MATCH = YES;
				"CODE_SIGN_IDENTITY[sdk=iphoneos*]" = "iPhone Developer";
				COPY_PHASE_STRIP = NO;
				DEBUG_INFORMATION_FORMAT = "dwarf-with-dsym";
				ENABLE_NS_ASSERTIONS = NO;
				ENABLE_STRICT_OBJC_MSGSEND = YES;
				GCC_C_LANGUAGE_STANDARD = gnu99;
				GCC_NO_COMMON_BLOCKS = YES;
				GCC_WARN_64_TO_32_BIT_CONVERSION = YES;
				GCC_WARN_ABOUT_RETURN_TYPE = YES_ERROR;
				GCC_WARN_UNDECLARED_SELECTOR = YES;
				GCC_WARN_UNINITIALIZED_AUTOS = YES_AGGRESSIVE;
				GCC_WARN_UNUSED_FUNCTION = YES;
				GCC_WARN_UNUSED_VARIABLE = YES;
				IPHONEOS_DEPLOYMENT_TARGET = 9.3;
				MTL_ENABLE_DEBUG_INFO = NO;
				SDKROOT = iphoneos;
				TARGETED_DEVICE_FAMILY = "1,2";
				VALIDATE_PRODUCT = YES;
			};
			name = Release;
		};
		086CAD9F1D5B14AA00030068 /* Debug */ = {
			isa = XCBuildConfiguration;
			baseConfigurationReference = 96C9DBE098B9EB0F7C4FC9C5 /* Pods-TTEnvironmentSwitch.debug.xcconfig */;
			buildSettings = {
				ASSETCATALOG_COMPILER_APPICON_NAME = AppIcon;
				GCC_PRECOMPILE_PREFIX_HEADER = YES;
				GCC_PREFIX_HEADER = TTEnvironmentSwitch/TTDebugSystemPrefix.pch;
				INFOPLIST_FILE = TTEnvironmentSwitch/Info.plist;
				LD_RUNPATH_SEARCH_PATHS = "$(inherited) @executable_path/Frameworks";
				PRODUCT_BUNDLE_IDENTIFIER = oktangcc.TTEnvironmentSwitch;
				PRODUCT_NAME = "$(TARGET_NAME)";
			};
			name = Debug;
		};
		086CADA01D5B14AA00030068 /* Release */ = {
			isa = XCBuildConfiguration;
			baseConfigurationReference = 18651C76340F71B73281ADF4 /* Pods-TTEnvironmentSwitch.release.xcconfig */;
			buildSettings = {
				ASSETCATALOG_COMPILER_APPICON_NAME = AppIcon;
				GCC_PRECOMPILE_PREFIX_HEADER = YES;
				GCC_PREFIX_HEADER = TTEnvironmentSwitch/TTDebugSystemPrefix.pch;
				INFOPLIST_FILE = TTEnvironmentSwitch/Info.plist;
				LD_RUNPATH_SEARCH_PATHS = "$(inherited) @executable_path/Frameworks";
				PRODUCT_BUNDLE_IDENTIFIER = oktangcc.TTEnvironmentSwitch;
				PRODUCT_NAME = "$(TARGET_NAME)";
			};
			name = Release;
		};
/* End XCBuildConfiguration section */

/* Begin XCConfigurationList section */
		086CAD821D5B14A900030068 /* Build configuration list for PBXProject "TTEnvironmentSwitch" */ = {
			isa = XCConfigurationList;
			buildConfigurations = (
				086CAD9C1D5B14AA00030068 /* Debug */,
				086CAD9D1D5B14AA00030068 /* Release */,
			);
			defaultConfigurationIsVisible = 0;
			defaultConfigurationName = Release;
		};
		086CAD9E1D5B14AA00030068 /* Build configuration list for PBXNativeTarget "TTEnvironmentSwitch" */ = {
			isa = XCConfigurationList;
			buildConfigurations = (
				086CAD9F1D5B14AA00030068 /* Debug */,
				086CADA01D5B14AA00030068 /* Release */,
			);
			defaultConfigurationIsVisible = 0;
			defaultConfigurationName = Release;
		};
/* End XCConfigurationList section */
	};
	rootObject = 086CAD7F1D5B14A900030068 /* Project object */;
}
